PODS:
  - ACKit (1.0.2)
  - ACSyncKit (0.1.0):
    - Alamofire
    - AlamofireObjectMapper
  - Alamofire (4.7.3)
  - AlamofireObjectMapper (5.0.0):
    - Alamofire (~> 4.1)
    - ObjectMapper (~> 3.0)
  - CocoaLumberjack (3.4.0):
    - CocoaLumberjack/Default (= 3.4.0)
    - CocoaLumberjack/Extensions (= 3.4.0)
  - CocoaLumberjack/Default (3.4.0)
  - CocoaLumberjack/Extensions (3.4.0):
    - CocoaLumberjack/Default
  - Crashlytics (3.9.3):
    - Fabric (~> 1.7.2)
  - Fabric (1.7.2)
  - JTAppleCalendar (7.1.5)
  - KYDrawerController (2.0.4)
  - Locksmith (4.0.0)
  - ObjectMapper (3.3.0)
  - RxCocoa (4.1.1):
    - RxSwift (~> 4.0)
  - RxSwift (4.1.1)
  - SDWebImage (4.2.3):
    - SDWebImage/Core (= 4.2.3)
  - SDWebImage/Core (4.2.3)

DEPENDENCIES:
  - ACKit (from `https://github.com/austinzmchen/ACKit.git`)
  - ACSyncKit (from `ACSyncKit`)
  - Alamofire
  - AlamofireObjectMapper
  - CocoaLumberjack
  - Crashlytics
  - Fabric
  - JTAppleCalendar
  - KYDrawerController
  - Locksmith
  - ObjectMapper
  - RxCocoa
  - RxSwift
  - SDWebImage

SPEC REPOS:
  https://github.com/cocoapods/specs.git:
    - Alamofire
    - AlamofireObjectMapper
    - CocoaLumberjack
    - Crashlytics
    - Fabric
    - JTAppleCalendar
    - KYDrawerController
    - Locksmith
    - ObjectMapper
    - RxCocoa
    - RxSwift
    - SDWebImage

EXTERNAL SOURCES:
  ACKit:
    :git: https://github.com/austinzmchen/ACKit.git
  ACSyncKit:
    :path: ACSyncKit

CHECKOUT OPTIONS:
  ACKit:
    :commit: 6d1ec7ecc0d71633342d6d2e22616912b21d3d15
    :git: https://github.com/austinzmchen/ACKit.git

SPEC CHECKSUMS:
  ACKit: 859f5e8a3688bdc3e0b1ecff9da5e762ee0619a6
  ACSyncKit: df52af7ea5001c1e7b41eafe260e0ba8c5f03565
  Alamofire: c7287b6e5d7da964a70935e5db17046b7fde6568
  AlamofireObjectMapper: 5fafc816351cbbc0d486611aaeba7461c0cbad49
  CocoaLumberjack: e033a5d8513357af2dd456eb66e202c325c30627
  Crashlytics: dbb07d01876c171c5ccbdf7826410380189e452c
  Fabric: 9cd6a848efcf1b8b07497e0b6a2e7d336353ba15
  JTAppleCalendar: 2d4f974f9f3c8b4964d51ca1f6e004883c031fbe
  KYDrawerController: cf5839877c442132123e9d482f458821026defdf
  Locksmith: e9bebbaaa4cee3c511bc358a44f843c3fe00e21f
  ObjectMapper: b612bf8c8e99c4dc0bb6013a51f7c27966ed5da9
  RxCocoa: fd0862fd2df95fa55562ad28ffd2522c25eb4a85
  RxSwift: c6e3b1c7b325c7d121cd4327e9d98b7ed746b570
  SDWebImage: 791bb72962b3492327ddcac4b1880bd1b5458431

PODFILE CHECKSUM: 9dcb3689382c66d79f4dee188fedb7b8f25891e2

COCOAPODS: 1.5.3
